
Microsoft Visual Studio Solution File, Format Version 12.00
# Visual Studio Version 17
VisualStudioVersion = 17.4.33403.182
MinimumVisualStudioVersion = 10.0.40219.1
Project("{FAE04EC0-301F-11D3-BF4B-00C04F79EFBC}") = "comp2139_project1", "comp2139_project1\comp2139_project1.csproj", "{3AF40D1D-18F3-4D6C-9419-5E5BDE5BBB1C}"
EndProject
Global
	GlobalSection(SolutionConfigurationPlatforms) = preSolution
		Debug|Any CPU = Debug|Any CPU
		Release|Any CPU = Release|Any CPU
	EndGlobalSection
	GlobalSection(ProjectConfigurationPlatforms) = postSolution
		{3AF40D1D-18F3-4D6C-9419-5E5BDE5BBB1C}.Debug|Any CPU.ActiveCfg = Debug|Any CPU
		{3AF40D1D-18F3-4D6C-9419-5E5BDE5BBB1C}.Debug|Any CPU.Build.0 = Debug|Any CPU
		{3AF40D1D-18F3-4D6C-9419-5E5BDE5BBB1C}.Release|Any CPU.ActiveCfg = Release|Any CPU
		{3AF40D1D-18F3-4D6C-9419-5E5BDE5BBB1C}.Release|Any CPU.Build.0 = Release|Any CPU
	EndGlobalSection
	GlobalSection(SolutionProperties) = preSolution
		HideSolutionNode = FALSE
	EndGlobalSection
	GlobalSection(ExtensibilityGlobals) = postSolution
		SolutionGuid = {ABEAE5A7-33A3-4BDC-AF24-197CB8F89C6C}
	EndGlobalSection
EndGlobal
